
Microsoft Visual Studio Solution File, Format Version 12.00
# Visual Studio Version 16
VisualStudioVersion = 16.0.31911.196
MinimumVisualStudioVersion = 10.0.40219.1
Project("{2150E333-8FDC-42A3-9474-1A3956D46DE8}") = "tests", "tests", "{E9E1B92C-4900-487B-8AA7-D1E7EBE51F47}"
EndProject
Project("{2150E333-8FDC-42A3-9474-1A3956D46DE8}") = "src", "src", "{687EB5D5-BCFD-4187-85C9-3995DE99A2D9}"
EndProject
Project("{9A19103F-16F7-4668-BE54-9A1E7A4F7556}") = "GroceryCo.Application", "src\Application\GroceryCo.Application.csproj", "{A0C72F4D-A487-42A6-9635-E834131ADD6E}"
EndProject
Project("{FAE04EC0-301F-11D3-BF4B-00C04F79EFBC}") = "GroceryCo.Domain", "src\Domain\GroceryCo.Domain.csproj", "{842BEF22-6CFE-492C-8B18-766955152811}"
EndProject
Project("{FAE04EC0-301F-11D3-BF4B-00C04F79EFBC}") = "GroceryCo.Infrastructure", "src\Infrastructure\GroceryCo.Infrastructure.csproj", "{6C4708E1-16E3-4969-81E2-2B5AAB66C91F}"
EndProject
Global
	GlobalSection(SolutionConfigurationPlatforms) = preSolution
		Debug|Any CPU = Debug|Any CPU
		Release|Any CPU = Release|Any CPU
	EndGlobalSection
	GlobalSection(ProjectConfigurationPlatforms) = postSolution
		{A0C72F4D-A487-42A6-9635-E834131ADD6E}.Debug|Any CPU.ActiveCfg = Debug|Any CPU
		{A0C72F4D-A487-42A6-9635-E834131ADD6E}.Debug|Any CPU.Build.0 = Debug|Any CPU
		{A0C72F4D-A487-42A6-9635-E834131ADD6E}.Release|Any CPU.ActiveCfg = Release|Any CPU
		{A0C72F4D-A487-42A6-9635-E834131ADD6E}.Release|Any CPU.Build.0 = Release|Any CPU
		{842BEF22-6CFE-492C-8B18-766955152811}.Debug|Any CPU.ActiveCfg = Debug|Any CPU
		{842BEF22-6CFE-492C-8B18-766955152811}.Debug|Any CPU.Build.0 = Debug|Any CPU
		{842BEF22-6CFE-492C-8B18-766955152811}.Release|Any CPU.ActiveCfg = Release|Any CPU
		{842BEF22-6CFE-492C-8B18-766955152811}.Release|Any CPU.Build.0 = Release|Any CPU
		{6C4708E1-16E3-4969-81E2-2B5AAB66C91F}.Debug|Any CPU.ActiveCfg = Debug|Any CPU
		{6C4708E1-16E3-4969-81E2-2B5AAB66C91F}.Debug|Any CPU.Build.0 = Debug|Any CPU
		{6C4708E1-16E3-4969-81E2-2B5AAB66C91F}.Release|Any CPU.ActiveCfg = Release|Any CPU
		{6C4708E1-16E3-4969-81E2-2B5AAB66C91F}.Release|Any CPU.Build.0 = Release|Any CPU
	EndGlobalSection
	GlobalSection(SolutionProperties) = preSolution
		HideSolutionNode = FALSE
	EndGlobalSection
	GlobalSection(NestedProjects) = preSolution
		{A0C72F4D-A487-42A6-9635-E834131ADD6E} = {687EB5D5-BCFD-4187-85C9-3995DE99A2D9}
		{842BEF22-6CFE-492C-8B18-766955152811} = {687EB5D5-BCFD-4187-85C9-3995DE99A2D9}
		{6C4708E1-16E3-4969-81E2-2B5AAB66C91F} = {687EB5D5-BCFD-4187-85C9-3995DE99A2D9}
	EndGlobalSection
	GlobalSection(ExtensibilityGlobals) = postSolution
		SolutionGuid = {57F702E1-0A46-48B0-B241-931F5522410E}
	EndGlobalSection
EndGlobal
